
Microsoft Visual Studio Solution File, Format Version 12.00
# Visual Studio Version 17
VisualStudioVersion = 17.8.34408.163
MinimumVisualStudioVersion = 10.0.40219.1
Project("{8BC9CEB8-8B4A-11D0-8D11-00A0C91BC942}") = "Stack", "Stack.vcxproj", "{B5EFEF08-3AE0-43F4-9E87-F62713667B33}"
EndProject
Global
	GlobalSection(SolutionConfigurationPlatforms) = preSolution
		Debug|x64 = Debug|x64
		Debug|x86 = Debug|x86
		Release|x64 = Release|x64
		Release|x86 = Release|x86
	EndGlobalSection
	GlobalSection(ProjectConfigurationPlatforms) = postSolution
		{B5EFEF08-3AE0-43F4-9E87-F62713667B33}.Debug|x64.ActiveCfg = Debug|x64
		{B5EFEF08-3AE0-43F4-9E87-F62713667B33}.Debug|x64.Build.0 = Debug|x64
		{B5EFEF08-3AE0-43F4-9E87-F62713667B33}.Debug|x86.ActiveCfg = Debug|Win32
		{B5EFEF08-3AE0-43F4-9E87-F62713667B33}.Debug|x86.Build.0 = Debug|Win32
		{B5EFEF08-3AE0-43F4-9E87-F62713667B33}.Release|x64.ActiveCfg = Release|x64
		{B5EFEF08-3AE0-43F4-9E87-F62713667B33}.Release|x64.Build.0 = Release|x64
		{B5EFEF08-3AE0-43F4-9E87-F62713667B33}.Release|x86.ActiveCfg = Release|Win32
		{B5EFEF08-3AE0-43F4-9E87-F62713667B33}.Release|x86.Build.0 = Release|Win32
	EndGlobalSection
	GlobalSection(SolutionProperties) = preSolution
		HideSolutionNode = FALSE
	EndGlobalSection
	GlobalSection(ExtensibilityGlobals) = postSolution
		SolutionGuid = {855EA07F-C76B-4565-980F-319DBAEA3432}
	EndGlobalSection
EndGlobal
